<Solution>
  <Folder Name="/src/">
    <Project Path="src/LmuOverlay.Contracts/LmuOverlay.Contracts.csproj" />
    <Project Path="src/LmuOverlay.Core/LmuOverlay.Core.csproj" />
    <Project Path="src/LmuOverlay.Desktop/LmuOverlay.Desktop.csproj" />
    <Project Path="src/LmuOverlay.DirectX/LmuOverlay.DirectX.csproj" />
    <Project Path="src/LmuOverlay.Domain/LmuOverlay.Domain.csproj" />
    <Project Path="src/LmuOverlay.LmuSharedMemory/LmuOverlay.LmuSharedMemory.csproj" />
    <Project Path="src/LmuOverlay.SteamVr/LmuOverlay.SteamVr.csproj" />
    <Project Path="src/LmuOverlay.Widgets/LmuOverlay.Widgets.csproj" />
  </Folder>
  <Folder Name="/tests/">
    <Project Path="tests/LmuOverlay.Core.Tests/LmuOverlay.Core.Tests.csproj" />
    <Project Path="tests/LmuOverlay.Desktop.Tests/LmuOverlay.Desktop.Tests.csproj" />
    <Project Path="tests/LmuOverlay.Domain.Tests/LmuOverlay.Domain.Tests.csproj" />
    <Project Path="tests/LmuOverlay.LmuSharedMemory.Tests/LmuOverlay.LmuSharedMemory.Tests.csproj" />
    <Project Path="tests/LmuOverlay.SteamVr.Tests/LmuOverlay.SteamVr.Tests.csproj" />
    <Project Path="tests/LmuOverlay.Widgets.Tests/LmuOverlay.Widgets.Tests.csproj" />
  </Folder>
  <Folder Name="/tools/">
    <Project Path="tools/LmuOverlay.LmuProbe/LmuOverlay.LmuProbe.csproj" />
    <Project Path="tools/LmuOverlay.SoakTest/LmuOverlay.SoakTest.csproj" />
  </Folder>
</Solution>
